{
  "name": "wechat-xinjiecalc",
  "version": "1.0.0",
  "lockfileVersion": 1,
  "requires": true,
  "dependencies": {
    "@types/weapp-api": {
      "version": "0.0.6",
      "resolved": "https://registry.npm.taobao.org/@types/weapp-api/download/@types/weapp-api-0.0.6.tgz",
      "integrity": "sha1-7VHtRVWac5XIgrA6v8m9n2RJ3rQ="
    }
  }
}
